
Microsoft Visual Studio Solution File, Format Version 12.00
# Visual Studio Version 16
VisualStudioVersion = 16.0.30204.135
MinimumVisualStudioVersion = 10.0.40219.1
Project("{9A19103F-16F7-4668-BE54-9A1E7A4F7556}") = "CrackDetection", "CrackDetection\CrackDetection.csproj", "{ED6FF762-6158-45F7-AC4C-70FEBC9146D3}"
EndProject
Global
	GlobalSection(SolutionConfigurationPlatforms) = preSolution
		Debug|Any CPU = Debug|Any CPU
		Release|Any CPU = Release|Any CPU
	EndGlobalSection
	GlobalSection(ProjectConfigurationPlatforms) = postSolution
		{ED6FF762-6158-45F7-AC4C-70FEBC9146D3}.Debug|Any CPU.ActiveCfg = Debug|Any CPU
		{ED6FF762-6158-45F7-AC4C-70FEBC9146D3}.Debug|Any CPU.Build.0 = Debug|Any CPU
		{ED6FF762-6158-45F7-AC4C-70FEBC9146D3}.Release|Any CPU.ActiveCfg = Release|Any CPU
		{ED6FF762-6158-45F7-AC4C-70FEBC9146D3}.Release|Any CPU.Build.0 = Release|Any CPU
	EndGlobalSection
	GlobalSection(SolutionProperties) = preSolution
		HideSolutionNode = FALSE
	EndGlobalSection
	GlobalSection(ExtensibilityGlobals) = postSolution
		SolutionGuid = {66059150-A38B-4F3F-9B1A-3952E7396588}
	EndGlobalSection
EndGlobal
